
Microsoft Visual Studio Solution File, Format Version 12.00
Project("{FAE04EC0-301F-11D3-BF4B-00C04F79EFBC}") = "Geneta", "Geneta\Geneta.csproj", "{5B3C325C-131E-4E61-B68A-23690760CA0D}"
EndProject
Project("{FAE04EC0-301F-11D3-BF4B-00C04F79EFBC}") = "Geneta.Simulation", "Geneta.Simulation\Geneta.Simulation.csproj", "{4B75DC92-A377-4695-BCF6-10AD73412F09}"
EndProject
Project("{FAE04EC0-301F-11D3-BF4B-00C04F79EFBC}") = "Geneta.Simulation.Tests", "Geneta.Simulation.Tests\Geneta.Simulation.Tests.csproj", "{7A5825DB-ACF6-42EE-AD3D-6277845AE7AF}"
EndProject
Global
	GlobalSection(SolutionConfigurationPlatforms) = preSolution
		Debug|Any CPU = Debug|Any CPU
		Release|Any CPU = Release|Any CPU
	EndGlobalSection
	GlobalSection(ProjectConfigurationPlatforms) = postSolution
		{5B3C325C-131E-4E61-B68A-23690760CA0D}.Debug|Any CPU.ActiveCfg = Debug|Any CPU
		{5B3C325C-131E-4E61-B68A-23690760CA0D}.Debug|Any CPU.Build.0 = Debug|Any CPU
		{5B3C325C-131E-4E61-B68A-23690760CA0D}.Release|Any CPU.ActiveCfg = Release|Any CPU
		{5B3C325C-131E-4E61-B68A-23690760CA0D}.Release|Any CPU.Build.0 = Release|Any CPU
		{4B75DC92-A377-4695-BCF6-10AD73412F09}.Debug|Any CPU.ActiveCfg = Debug|Any CPU
		{4B75DC92-A377-4695-BCF6-10AD73412F09}.Debug|Any CPU.Build.0 = Debug|Any CPU
		{4B75DC92-A377-4695-BCF6-10AD73412F09}.Release|Any CPU.ActiveCfg = Release|Any CPU
		{4B75DC92-A377-4695-BCF6-10AD73412F09}.Release|Any CPU.Build.0 = Release|Any CPU
		{7A5825DB-ACF6-42EE-AD3D-6277845AE7AF}.Debug|Any CPU.ActiveCfg = Debug|Any CPU
		{7A5825DB-ACF6-42EE-AD3D-6277845AE7AF}.Debug|Any CPU.Build.0 = Debug|Any CPU
		{7A5825DB-ACF6-42EE-AD3D-6277845AE7AF}.Release|Any CPU.ActiveCfg = Release|Any CPU
		{7A5825DB-ACF6-42EE-AD3D-6277845AE7AF}.Release|Any CPU.Build.0 = Release|Any CPU
	EndGlobalSection
EndGlobal
